
Microsoft Visual Studio Solution File, Format Version 12.00
# Visual Studio 14
VisualStudioVersion = 14.0.25420.1
MinimumVisualStudioVersion = 10.0.40219.1
Project("{FAE04EC0-301F-11D3-BF4B-00C04F79EFBC}") = "ActivityIndicatorRenderer", "ActivityIndicatorRenderer\ActivityIndicatorRenderer\ActivityIndicatorRenderer.csproj", "{A5FBB18E-CDEB-4A6D-A895-6A4CD02DCDC4}"
EndProject
Project("{FAE04EC0-301F-11D3-BF4B-00C04F79EFBC}") = "ActivityIndicatorRenderer.Droid", "ActivityIndicatorRenderer\ActivityIndicatorRenderer.Droid\ActivityIndicatorRenderer.Droid.csproj", "{6896D7A4-7F97-4865-8E1B-9DBA8D45E3BB}"
EndProject
Project("{FAE04EC0-301F-11D3-BF4B-00C04F79EFBC}") = "ActivityIndicatorRenderer.iOS", "ActivityIndicatorRenderer\ActivityIndicatorRenderer.iOS\ActivityIndicatorRenderer.iOS.csproj", "{07571544-FC73-4404-9EBC-D51F4B29E900}"
EndProject
Project("{FAE04EC0-301F-11D3-BF4B-00C04F79EFBC}") = "ActivityIndicatorRenderer.UWP", "ActivityIndicatorRenderer\ActivityIndicatorRenderer.UWP\ActivityIndicatorRenderer.UWP.csproj", "{7976427D-3D1A-4419-91B9-D52B7C016B04}"
EndProject
Global
	GlobalSection(SolutionConfigurationPlatforms) = preSolution
		Ad-Hoc|Any CPU = Ad-Hoc|Any CPU
		Ad-Hoc|ARM = Ad-Hoc|ARM
		Ad-Hoc|iPhone = Ad-Hoc|iPhone
		Ad-Hoc|iPhoneSimulator = Ad-Hoc|iPhoneSimulator
		Ad-Hoc|x64 = Ad-Hoc|x64
		Ad-Hoc|x86 = Ad-Hoc|x86
		AppStore|Any CPU = AppStore|Any CPU
		AppStore|ARM = AppStore|ARM
		AppStore|iPhone = AppStore|iPhone
		AppStore|iPhoneSimulator = AppStore|iPhoneSimulator
		AppStore|x64 = AppStore|x64
		AppStore|x86 = AppStore|x86
		Debug|Any CPU = Debug|Any CPU
		Debug|ARM = Debug|ARM
		Debug|iPhone = Debug|iPhone
		Debug|iPhoneSimulator = Debug|iPhoneSimulator
		Debug|x64 = Debug|x64
		Debug|x86 = Debug|x86
		Release|Any CPU = Release|Any CPU
		Release|ARM = Release|ARM
		Release|iPhone = Release|iPhone
		Release|iPhoneSimulator = Release|iPhoneSimulator
		Release|x64 = Release|x64
		Release|x86 = Release|x86
	EndGlobalSection
	GlobalSection(ProjectConfigurationPlatforms) = postSolution
		{A5FBB18E-CDEB-4A6D-A895-6A4CD02DCDC4}.Ad-Hoc|Any CPU.ActiveCfg = Release|Any CPU
		{A5FBB18E-CDEB-4A6D-A895-6A4CD02DCDC4}.Ad-Hoc|Any CPU.Build.0 = Release|Any CPU
		{A5FBB18E-CDEB-4A6D-A895-6A4CD02DCDC4}.Ad-Hoc|ARM.ActiveCfg = Release|Any CPU
		{A5FBB18E-CDEB-4A6D-A895-6A4CD02DCDC4}.Ad-Hoc|ARM.Build.0 = Release|Any CPU
		{A5FBB18E-CDEB-4A6D-A895-6A4CD02DCDC4}.Ad-Hoc|iPhone.ActiveCfg = Release|Any CPU
		{A5FBB18E-CDEB-4A6D-A895-6A4CD02DCDC4}.Ad-Hoc|iPhone.Build.0 = Release|Any CPU
		{A5FBB18E-CDEB-4A6D-A895-6A4CD02DCDC4}.Ad-Hoc|iPhoneSimulator.ActiveCfg = Release|Any CPU
		{A5FBB18E-CDEB-4A6D-A895-6A4CD02DCDC4}.Ad-Hoc|iPhoneSimulator.Build.0 = Release|Any CPU
		{A5FBB18E-CDEB-4A6D-A895-6A4CD02DCDC4}.Ad-Hoc|x64.ActiveCfg = Release|Any CPU
		{A5FBB18E-CDEB-4A6D-A895-6A4CD02DCDC4}.Ad-Hoc|x64.Build.0 = Release|Any CPU
		{A5FBB18E-CDEB-4A6D-A895-6A4CD02DCDC4}.Ad-Hoc|x86.ActiveCfg = Release|Any CPU
		{A5FBB18E-CDEB-4A6D-A895-6A4CD02DCDC4}.Ad-Hoc|x86.Build.0 = Release|Any CPU
		{A5FBB18E-CDEB-4A6D-A895-6A4CD02DCDC4}.AppStore|Any CPU.ActiveCfg = Release|Any CPU
		{A5FBB18E-CDEB-4A6D-A895-6A4CD02DCDC4}.AppStore|Any CPU.Build.0 = Release|Any CPU
		{A5FBB18E-CDEB-4A6D-A895-6A4CD02DCDC4}.AppStore|ARM.ActiveCfg = Release|Any CPU
		{A5FBB18E-CDEB-4A6D-A895-6A4CD02DCDC4}.AppStore|ARM.Build.0 = Release|Any CPU
		{A5FBB18E-CDEB-4A6D-A895-6A4CD02DCDC4}.AppStore|iPhone.ActiveCfg = Release|Any CPU
		{A5FBB18E-CDEB-4A6D-A895-6A4CD02DCDC4}.AppStore|iPhone.Build.0 = Release|Any CPU
		{A5FBB18E-CDEB-4A6D-A895-6A4CD02DCDC4}.AppStore|iPhoneSimulator.ActiveCfg = Release|Any CPU
		{A5FBB18E-CDEB-4A6D-A895-6A4CD02DCDC4}.AppStore|iPhoneSimulator.Build.0 = Release|Any CPU
		{A5FBB18E-CDEB-4A6D-A895-6A4CD02DCDC4}.AppStore|x64.ActiveCfg = Release|Any CPU
		{A5FBB18E-CDEB-4A6D-A895-6A4CD02DCDC4}.AppStore|x64.Build.0 = Release|Any CPU
		{A5FBB18E-CDEB-4A6D-A895-6A4CD02DCDC4}.AppStore|x86.ActiveCfg = Release|Any CPU
		{A5FBB18E-CDEB-4A6D-A895-6A4CD02DCDC4}.AppStore|x86.Build.0 = Release|Any CPU
		{A5FBB18E-CDEB-4A6D-A895-6A4CD02DCDC4}.Debug|Any CPU.ActiveCfg = Debug|Any CPU
		{A5FBB18E-CDEB-4A6D-A895-6A4CD02DCDC4}.Debug|Any CPU.Build.0 = Debug|Any CPU
		{A5FBB18E-CDEB-4A6D-A895-6A4CD02DCDC4}.Debug|ARM.ActiveCfg = Debug|Any CPU
		{A5FBB18E-CDEB-4A6D-A895-6A4CD02DCDC4}.Debug|ARM.Build.0 = Debug|Any CPU
		{A5FBB18E-CDEB-4A6D-A895-6A4CD02DCDC4}.Debug|iPhone.ActiveCfg = Debug|Any CPU
		{A5FBB18E-CDEB-4A6D-A895-6A4CD02DCDC4}.Debug|iPhone.Build.0 = Debug|Any CPU
		{A5FBB18E-CDEB-4A6D-A895-6A4CD02DCDC4}.Debug|iPhoneSimulator.ActiveCfg = Debug|Any CPU
		{A5FBB18E-CDEB-4A6D-A895-6A4CD02DCDC4}.Debug|iPhoneSimulator.Build.0 = Debug|Any CPU
		{A5FBB18E-CDEB-4A6D-A895-6A4CD02DCDC4}.Debug|x64.ActiveCfg = Debug|Any CPU
		{A5FBB18E-CDEB-4A6D-A895-6A4CD02DCDC4}.Debug|x64.Build.0 = Debug|Any CPU
		{A5FBB18E-CDEB-4A6D-A895-6A4CD02DCDC4}.Debug|x86.ActiveCfg = Debug|Any CPU
		{A5FBB18E-CDEB-4A6D-A895-6A4CD02DCDC4}.Debug|x86.Build.0 = Debug|Any CPU
		{A5FBB18E-CDEB-4A6D-A895-6A4CD02DCDC4}.Release|Any CPU.ActiveCfg = Release|Any CPU
		{A5FBB18E-CDEB-4A6D-A895-6A4CD02DCDC4}.Release|Any CPU.Build.0 = Release|Any CPU
		{A5FBB18E-CDEB-4A6D-A895-6A4CD02DCDC4}.Release|ARM.ActiveCfg = Release|Any CPU
		{A5FBB18E-CDEB-4A6D-A895-6A4CD02DCDC4}.Release|ARM.Build.0 = Release|Any CPU
		{A5FBB18E-CDEB-4A6D-A895-6A4CD02DCDC4}.Release|iPhone.ActiveCfg = Release|Any CPU
		{A5FBB18E-CDEB-4A6D-A895-6A4CD02DCDC4}.Release|iPhone.Build.0 = Release|Any CPU
		{A5FBB18E-CDEB-4A6D-A895-6A4CD02DCDC4}.Release|iPhoneSimulator.ActiveCfg = Release|Any CPU
		{A5FBB18E-CDEB-4A6D-A895-6A4CD02DCDC4}.Release|iPhoneSimulator.Build.0 = Release|Any CPU
		{A5FBB18E-CDEB-4A6D-A895-6A4CD02DCDC4}.Release|x64.ActiveCfg = Release|Any CPU
		{A5FBB18E-CDEB-4A6D-A895-6A4CD02DCDC4}.Release|x64.Build.0 = Release|Any CPU
		{A5FBB18E-CDEB-4A6D-A895-6A4CD02DCDC4}.Release|x86.ActiveCfg = Release|Any CPU
		{A5FBB18E-CDEB-4A6D-A895-6A4CD02DCDC4}.Release|x86.Build.0 = Release|Any CPU
		{6896D7A4-7F97-4865-8E1B-9DBA8D45E3BB}.Ad-Hoc|Any CPU.ActiveCfg = Release|Any CPU
		{6896D7A4-7F97-4865-8E1B-9DBA8D45E3BB}.Ad-Hoc|Any CPU.Build.0 = Release|Any CPU
		{6896D7A4-7F97-4865-8E1B-9DBA8D45E3BB}.Ad-Hoc|Any CPU.Deploy.0 = Release|Any CPU
		{6896D7A4-7F97-4865-8E1B-9DBA8D45E3BB}.Ad-Hoc|ARM.ActiveCfg = Release|Any CPU
		{6896D7A4-7F97-4865-8E1B-9DBA8D45E3BB}.Ad-Hoc|ARM.Build.0 = Release|Any CPU
		{6896D7A4-7F97-4865-8E1B-9DBA8D45E3BB}.Ad-Hoc|ARM.Deploy.0 = Release|Any CPU
		{6896D7A4-7F97-4865-8E1B-9DBA8D45E3BB}.Ad-Hoc|iPhone.ActiveCfg = Release|Any CPU
		{6896D7A4-7F97-4865-8E1B-9DBA8D45E3BB}.Ad-Hoc|iPhone.Build.0 = Release|Any CPU
		{6896D7A4-7F97-4865-8E1B-9DBA8D45E3BB}.Ad-Hoc|iPhone.Deploy.0 = Release|Any CPU
		{6896D7A4-7F97-4865-8E1B-9DBA8D45E3BB}.Ad-Hoc|iPhoneSimulator.ActiveCfg = Release|Any CPU
		{6896D7A4-7F97-4865-8E1B-9DBA8D45E3BB}.Ad-Hoc|iPhoneSimulator.Build.0 = Release|Any CPU
		{6896D7A4-7F97-4865-8E1B-9DBA8D45E3BB}.Ad-Hoc|iPhoneSimulator.Deploy.0 = Release|Any CPU
		{6896D7A4-7F97-4865-8E1B-9DBA8D45E3BB}.Ad-Hoc|x64.ActiveCfg = Release|Any CPU
		{6896D7A4-7F97-4865-8E1B-9DBA8D45E3BB}.Ad-Hoc|x64.Build.0 = Release|Any CPU
		{6896D7A4-7F97-4865-8E1B-9DBA8D45E3BB}.Ad-Hoc|x64.Deploy.0 = Release|Any CPU
		{6896D7A4-7F97-4865-8E1B-9DBA8D45E3BB}.Ad-Hoc|x86.ActiveCfg = Release|Any CPU
		{6896D7A4-7F97-4865-8E1B-9DBA8D45E3BB}.Ad-Hoc|x86.Build.0 = Release|Any CPU
		{6896D7A4-7F97-4865-8E1B-9DBA8D45E3BB}.Ad-Hoc|x86.Deploy.0 = Release|Any CPU
		{6896D7A4-7F97-4865-8E1B-9DBA8D45E3BB}.AppStore|Any CPU.ActiveCfg = Release|Any CPU
		{6896D7A4-7F97-4865-8E1B-9DBA8D45E3BB}.AppStore|Any CPU.Build.0 = Release|Any CPU
		{6896D7A4-7F97-4865-8E1B-9DBA8D45E3BB}.AppStore|Any CPU.Deploy.0 = Release|Any CPU
		{6896D7A4-7F97-4865-8E1B-9DBA8D45E3BB}.AppStore|ARM.ActiveCfg = Release|Any CPU
		{6896D7A4-7F97-4865-8E1B-9DBA8D45E3BB}.AppStore|ARM.Build.0 = Release|Any CPU
		{6896D7A4-7F97-4865-8E1B-9DBA8D45E3BB}.AppStore|ARM.Deploy.0 = Release|Any CPU
		{6896D7A4-7F97-4865-8E1B-9DBA8D45E3BB}.AppStore|iPhone.ActiveCfg = Release|Any CPU
		{6896D7A4-7F97-4865-8E1B-9DBA8D45E3BB}.AppStore|iPhone.Build.0 = Release|Any CPU
		{6896D7A4-7F97-4865-8E1B-9DBA8D45E3BB}.AppStore|iPhone.Deploy.0 = Release|Any CPU
		{6896D7A4-7F97-4865-8E1B-9DBA8D45E3BB}.AppStore|iPhoneSimulator.ActiveCfg = Release|Any CPU
		{6896D7A4-7F97-4865-8E1B-9DBA8D45E3BB}.AppStore|iPhoneSimulator.Build.0 = Release|Any CPU
		{6896D7A4-7F97-4865-8E1B-9DBA8D45E3BB}.AppStore|iPhoneSimulator.Deploy.0 = Release|Any CPU
		{6896D7A4-7F97-4865-8E1B-9DBA8D45E3BB}.AppStore|x64.ActiveCfg = Release|Any CPU
		{6896D7A4-7F97-4865-8E1B-9DBA8D45E3BB}.AppStore|x64.Build.0 = Release|Any CPU
		{6896D7A4-7F97-4865-8E1B-9DBA8D45E3BB}.AppStore|x64.Deploy.0 = Release|Any CPU
		{6896D7A4-7F97-4865-8E1B-9DBA8D45E3BB}.AppStore|x86.ActiveCfg = Release|Any CPU
		{6896D7A4-7F97-4865-8E1B-9DBA8D45E3BB}.AppStore|x86.Build.0 = Release|Any CPU
		{6896D7A4-7F97-4865-8E1B-9DBA8D45E3BB}.AppStore|x86.Deploy.0 = Release|Any CPU
		{6896D7A4-7F97-4865-8E1B-9DBA8D45E3BB}.Debug|Any CPU.ActiveCfg = Debug|Any CPU
		{6896D7A4-7F97-4865-8E1B-9DBA8D45E3BB}.Debug|Any CPU.Build.0 = Debug|Any CPU
		{6896D7A4-7F97-4865-8E1B-9DBA8D45E3BB}.Debug|Any CPU.Deploy.0 = Debug|Any CPU
		{6896D7A4-7F97-4865-8E1B-9DBA8D45E3BB}.Debug|ARM.ActiveCfg = Debug|Any CPU
		{6896D7A4-7F97-4865-8E1B-9DBA8D45E3BB}.Debug|ARM.Build.0 = Debug|Any CPU
		{6896D7A4-7F97-4865-8E1B-9DBA8D45E3BB}.Debug|ARM.Deploy.0 = Debug|Any CPU
		{6896D7A4-7F97-4865-8E1B-9DBA8D45E3BB}.Debug|iPhone.ActiveCfg = Debug|Any CPU
		{6896D7A4-7F97-4865-8E1B-9DBA8D45E3BB}.Debug|iPhone.Build.0 = Debug|Any CPU
		{6896D7A4-7F97-4865-8E1B-9DBA8D45E3BB}.Debug|iPhone.Deploy.0 = Debug|Any CPU
		{6896D7A4-7F97-4865-8E1B-9DBA8D45E3BB}.Debug|iPhoneSimulator.ActiveCfg = Debug|Any CPU
		{6896D7A4-7F97-4865-8E1B-9DBA8D45E3BB}.Debug|iPhoneSimulator.Build.0 = Debug|Any CPU
		{6896D7A4-7F97-4865-8E1B-9DBA8D45E3BB}.Debug|iPhoneSimulator.Deploy.0 = Debug|Any CPU
		{6896D7A4-7F97-4865-8E1B-9DBA8D45E3BB}.Debug|x64.ActiveCfg = Debug|Any CPU
		{6896D7A4-7F97-4865-8E1B-9DBA8D45E3BB}.Debug|x64.Build.0 = Debug|Any CPU
		{6896D7A4-7F97-4865-8E1B-9DBA8D45E3BB}.Debug|x64.Deploy.0 = Debug|Any CPU
		{6896D7A4-7F97-4865-8E1B-9DBA8D45E3BB}.Debug|x86.ActiveCfg = Debug|Any CPU
		{6896D7A4-7F97-4865-8E1B-9DBA8D45E3BB}.Debug|x86.Build.0 = Debug|Any CPU
		{6896D7A4-7F97-4865-8E1B-9DBA8D45E3BB}.Debug|x86.Deploy.0 = Debug|Any CPU
		{6896D7A4-7F97-4865-8E1B-9DBA8D45E3BB}.Release|Any CPU.ActiveCfg = Release|Any CPU
		{6896D7A4-7F97-4865-8E1B-9DBA8D45E3BB}.Release|Any CPU.Build.0 = Release|Any CPU
		{6896D7A4-7F97-4865-8E1B-9DBA8D45E3BB}.Release|Any CPU.Deploy.0 = Release|Any CPU
		{6896D7A4-7F97-4865-8E1B-9DBA8D45E3BB}.Release|ARM.ActiveCfg = Release|Any CPU
		{6896D7A4-7F97-4865-8E1B-9DBA8D45E3BB}.Release|ARM.Build.0 = Release|Any CPU
		{6896D7A4-7F97-4865-8E1B-9DBA8D45E3BB}.Release|ARM.Deploy.0 = Release|Any CPU
		{6896D7A4-7F97-4865-8E1B-9DBA8D45E3BB}.Release|iPhone.ActiveCfg = Release|Any CPU
		{6896D7A4-7F97-4865-8E1B-9DBA8D45E3BB}.Release|iPhone.Build.0 = Release|Any CPU
		{6896D7A4-7F97-4865-8E1B-9DBA8D45E3BB}.Release|iPhone.Deploy.0 = Release|Any CPU
		{6896D7A4-7F97-4865-8E1B-9DBA8D45E3BB}.Release|iPhoneSimulator.ActiveCfg = Release|Any CPU
		{6896D7A4-7F97-4865-8E1B-9DBA8D45E3BB}.Release|iPhoneSimulator.Build.0 = Release|Any CPU
		{6896D7A4-7F97-4865-8E1B-9DBA8D45E3BB}.Release|iPhoneSimulator.Deploy.0 = Release|Any CPU
		{6896D7A4-7F97-4865-8E1B-9DBA8D45E3BB}.Release|x64.ActiveCfg = Release|Any CPU
		{6896D7A4-7F97-4865-8E1B-9DBA8D45E3BB}.Release|x64.Build.0 = Release|Any CPU
		{6896D7A4-7F97-4865-8E1B-9DBA8D45E3BB}.Release|x64.Deploy.0 = Release|Any CPU
		{6896D7A4-7F97-4865-8E1B-9DBA8D45E3BB}.Release|x86.ActiveCfg = Release|Any CPU
		{6896D7A4-7F97-4865-8E1B-9DBA8D45E3BB}.Release|x86.Build.0 = Release|Any CPU
		{6896D7A4-7F97-4865-8E1B-9DBA8D45E3BB}.Release|x86.Deploy.0 = Release|Any CPU
		{07571544-FC73-4404-9EBC-D51F4B29E900}.Ad-Hoc|Any CPU.ActiveCfg = Ad-Hoc|iPhone
		{07571544-FC73-4404-9EBC-D51F4B29E900}.Ad-Hoc|ARM.ActiveCfg = Ad-Hoc|iPhone
		{07571544-FC73-4404-9EBC-D51F4B29E900}.Ad-Hoc|iPhone.ActiveCfg = Ad-Hoc|iPhone
		{07571544-FC73-4404-9EBC-D51F4B29E900}.Ad-Hoc|iPhone.Build.0 = Ad-Hoc|iPhone
		{07571544-FC73-4404-9EBC-D51F4B29E900}.Ad-Hoc|iPhoneSimulator.ActiveCfg = Ad-Hoc|iPhoneSimulator
		{07571544-FC73-4404-9EBC-D51F4B29E900}.Ad-Hoc|iPhoneSimulator.Build.0 = Ad-Hoc|iPhoneSimulator
		{07571544-FC73-4404-9EBC-D51F4B29E900}.Ad-Hoc|x64.ActiveCfg = Ad-Hoc|iPhone
		{07571544-FC73-4404-9EBC-D51F4B29E900}.Ad-Hoc|x86.ActiveCfg = Ad-Hoc|iPhone
		{07571544-FC73-4404-9EBC-D51F4B29E900}.AppStore|Any CPU.ActiveCfg = AppStore|iPhone
		{07571544-FC73-4404-9EBC-D51F4B29E900}.AppStore|ARM.ActiveCfg = AppStore|iPhone
		{07571544-FC73-4404-9EBC-D51F4B29E900}.AppStore|iPhone.ActiveCfg = AppStore|iPhone
		{07571544-FC73-4404-9EBC-D51F4B29E900}.AppStore|iPhone.Build.0 = AppStore|iPhone
		{07571544-FC73-4404-9EBC-D51F4B29E900}.AppStore|iPhoneSimulator.ActiveCfg = AppStore|iPhoneSimulator
		{07571544-FC73-4404-9EBC-D51F4B29E900}.AppStore|iPhoneSimulator.Build.0 = AppStore|iPhoneSimulator
		{07571544-FC73-4404-9EBC-D51F4B29E900}.AppStore|x64.ActiveCfg = AppStore|iPhone
		{07571544-FC73-4404-9EBC-D51F4B29E900}.AppStore|x86.ActiveCfg = AppStore|iPhone
		{07571544-FC73-4404-9EBC-D51F4B29E900}.Debug|Any CPU.ActiveCfg = Debug|iPhone
		{07571544-FC73-4404-9EBC-D51F4B29E900}.Debug|ARM.ActiveCfg = Debug|iPhone
		{07571544-FC73-4404-9EBC-D51F4B29E900}.Debug|iPhone.ActiveCfg = Debug|iPhone
		{07571544-FC73-4404-9EBC-D51F4B29E900}.Debug|iPhone.Build.0 = Debug|iPhone
		{07571544-FC73-4404-9EBC-D51F4B29E900}.Debug|iPhoneSimulator.ActiveCfg = Debug|iPhoneSimulator
		{07571544-FC73-4404-9EBC-D51F4B29E900}.Debug|iPhoneSimulator.Build.0 = Debug|iPhoneSimulator
		{07571544-FC73-4404-9EBC-D51F4B29E900}.Debug|x64.ActiveCfg = Debug|iPhone
		{07571544-FC73-4404-9EBC-D51F4B29E900}.Debug|x86.ActiveCfg = Debug|iPhone
		{07571544-FC73-4404-9EBC-D51F4B29E900}.Release|Any CPU.ActiveCfg = Release|iPhone
		{07571544-FC73-4404-9EBC-D51F4B29E900}.Release|ARM.ActiveCfg = Release|iPhone
		{07571544-FC73-4404-9EBC-D51F4B29E900}.Release|iPhone.ActiveCfg = Release|iPhone
		{07571544-FC73-4404-9EBC-D51F4B29E900}.Release|iPhone.Build.0 = Release|iPhone
		{07571544-FC73-4404-9EBC-D51F4B29E900}.Release|iPhoneSimulator.ActiveCfg = Release|iPhoneSimulator
		{07571544-FC73-4404-9EBC-D51F4B29E900}.Release|iPhoneSimulator.Build.0 = Release|iPhoneSimulator
		{07571544-FC73-4404-9EBC-D51F4B29E900}.Release|x64.ActiveCfg = Release|iPhone
		{07571544-FC73-4404-9EBC-D51F4B29E900}.Release|x86.ActiveCfg = Release|iPhone
		{7976427D-3D1A-4419-91B9-D52B7C016B04}.Ad-Hoc|Any CPU.ActiveCfg = Release|x86
		{7976427D-3D1A-4419-91B9-D52B7C016B04}.Ad-Hoc|Any CPU.Build.0 = Release|x86
		{7976427D-3D1A-4419-91B9-D52B7C016B04}.Ad-Hoc|Any CPU.Deploy.0 = Release|x86
		{7976427D-3D1A-4419-91B9-D52B7C016B04}.Ad-Hoc|ARM.ActiveCfg = Release|ARM
		{7976427D-3D1A-4419-91B9-D52B7C016B04}.Ad-Hoc|ARM.Build.0 = Release|ARM
		{7976427D-3D1A-4419-91B9-D52B7C016B04}.Ad-Hoc|ARM.Deploy.0 = Release|ARM
		{7976427D-3D1A-4419-91B9-D52B7C016B04}.Ad-Hoc|iPhone.ActiveCfg = Release|x86
		{7976427D-3D1A-4419-91B9-D52B7C016B04}.Ad-Hoc|iPhone.Build.0 = Release|x86
		{7976427D-3D1A-4419-91B9-D52B7C016B04}.Ad-Hoc|iPhone.Deploy.0 = Release|x86
		{7976427D-3D1A-4419-91B9-D52B7C016B04}.Ad-Hoc|iPhoneSimulator.ActiveCfg = Release|x86
		{7976427D-3D1A-4419-91B9-D52B7C016B04}.Ad-Hoc|iPhoneSimulator.Build.0 = Release|x86
		{7976427D-3D1A-4419-91B9-D52B7C016B04}.Ad-Hoc|iPhoneSimulator.Deploy.0 = Release|x86
		{7976427D-3D1A-4419-91B9-D52B7C016B04}.Ad-Hoc|x64.ActiveCfg = Release|x64
		{7976427D-3D1A-4419-91B9-D52B7C016B04}.Ad-Hoc|x64.Build.0 = Release|x64
		{7976427D-3D1A-4419-91B9-D52B7C016B04}.Ad-Hoc|x64.Deploy.0 = Release|x64
		{7976427D-3D1A-4419-91B9-D52B7C016B04}.Ad-Hoc|x86.ActiveCfg = Release|x86
		{7976427D-3D1A-4419-91B9-D52B7C016B04}.Ad-Hoc|x86.Build.0 = Release|x86
		{7976427D-3D1A-4419-91B9-D52B7C016B04}.Ad-Hoc|x86.Deploy.0 = Release|x86
		{7976427D-3D1A-4419-91B9-D52B7C016B04}.AppStore|Any CPU.ActiveCfg = Release|x86
		{7976427D-3D1A-4419-91B9-D52B7C016B04}.AppStore|Any CPU.Build.0 = Release|x86
		{7976427D-3D1A-4419-91B9-D52B7C016B04}.AppStore|Any CPU.Deploy.0 = Release|x86
		{7976427D-3D1A-4419-91B9-D52B7C016B04}.AppStore|ARM.ActiveCfg = Release|ARM
		{7976427D-3D1A-4419-91B9-D52B7C016B04}.AppStore|ARM.Build.0 = Release|ARM
		{7976427D-3D1A-4419-91B9-D52B7C016B04}.AppStore|ARM.Deploy.0 = Release|ARM
		{7976427D-3D1A-4419-91B9-D52B7C016B04}.AppStore|iPhone.ActiveCfg = Release|x86
		{7976427D-3D1A-4419-91B9-D52B7C016B04}.AppStore|iPhone.Build.0 = Release|x86
		{7976427D-3D1A-4419-91B9-D52B7C016B04}.AppStore|iPhone.Deploy.0 = Release|x86
		{7976427D-3D1A-4419-91B9-D52B7C016B04}.AppStore|iPhoneSimulator.ActiveCfg = Release|x86
		{7976427D-3D1A-4419-91B9-D52B7C016B04}.AppStore|iPhoneSimulator.Build.0 = Release|x86
		{7976427D-3D1A-4419-91B9-D52B7C016B04}.AppStore|iPhoneSimulator.Deploy.0 = Release|x86
		{7976427D-3D1A-4419-91B9-D52B7C016B04}.AppStore|x64.ActiveCfg = Release|x64
		{7976427D-3D1A-4419-91B9-D52B7C016B04}.AppStore|x64.Build.0 = Release|x64
		{7976427D-3D1A-4419-91B9-D52B7C016B04}.AppStore|x64.Deploy.0 = Release|x64
		{7976427D-3D1A-4419-91B9-D52B7C016B04}.AppStore|x86.ActiveCfg = Release|x86
		{7976427D-3D1A-4419-91B9-D52B7C016B04}.AppStore|x86.Build.0 = Release|x86
		{7976427D-3D1A-4419-91B9-D52B7C016B04}.AppStore|x86.Deploy.0 = Release|x86
		{7976427D-3D1A-4419-91B9-D52B7C016B04}.Debug|Any CPU.ActiveCfg = Debug|x86
		{7976427D-3D1A-4419-91B9-D52B7C016B04}.Debug|ARM.ActiveCfg = Debug|ARM
		{7976427D-3D1A-4419-91B9-D52B7C016B04}.Debug|ARM.Build.0 = Debug|ARM
		{7976427D-3D1A-4419-91B9-D52B7C016B04}.Debug|ARM.Deploy.0 = Debug|ARM
		{7976427D-3D1A-4419-91B9-D52B7C016B04}.Debug|iPhone.ActiveCfg = Debug|x86
		{7976427D-3D1A-4419-91B9-D52B7C016B04}.Debug|iPhoneSimulator.ActiveCfg = Debug|x86
		{7976427D-3D1A-4419-91B9-D52B7C016B04}.Debug|x64.ActiveCfg = Debug|x64
		{7976427D-3D1A-4419-91B9-D52B7C016B04}.Debug|x64.Build.0 = Debug|x64
		{7976427D-3D1A-4419-91B9-D52B7C016B04}.Debug|x64.Deploy.0 = Debug|x64
		{7976427D-3D1A-4419-91B9-D52B7C016B04}.Debug|x86.ActiveCfg = Debug|x86
		{7976427D-3D1A-4419-91B9-D52B7C016B04}.Debug|x86.Build.0 = Debug|x86
		{7976427D-3D1A-4419-91B9-D52B7C016B04}.Debug|x86.Deploy.0 = Debug|x86
		{7976427D-3D1A-4419-91B9-D52B7C016B04}.Release|Any CPU.ActiveCfg = Release|x86
		{7976427D-3D1A-4419-91B9-D52B7C016B04}.Release|ARM.ActiveCfg = Release|ARM
		{7976427D-3D1A-4419-91B9-D52B7C016B04}.Release|ARM.Build.0 = Release|ARM
		{7976427D-3D1A-4419-91B9-D52B7C016B04}.Release|ARM.Deploy.0 = Release|ARM
		{7976427D-3D1A-4419-91B9-D52B7C016B04}.Release|iPhone.ActiveCfg = Release|x86
		{7976427D-3D1A-4419-91B9-D52B7C016B04}.Release|iPhoneSimulator.ActiveCfg = Release|x86
		{7976427D-3D1A-4419-91B9-D52B7C016B04}.Release|x64.ActiveCfg = Release|x64
		{7976427D-3D1A-4419-91B9-D52B7C016B04}.Release|x64.Build.0 = Release|x64
		{7976427D-3D1A-4419-91B9-D52B7C016B04}.Release|x64.Deploy.0 = Release|x64
		{7976427D-3D1A-4419-91B9-D52B7C016B04}.Release|x86.ActiveCfg = Release|x86
		{7976427D-3D1A-4419-91B9-D52B7C016B04}.Release|x86.Build.0 = Release|x86
		{7976427D-3D1A-4419-91B9-D52B7C016B04}.Release|x86.Deploy.0 = Release|x86
	EndGlobalSection
	GlobalSection(SolutionProperties) = preSolution
		HideSolutionNode = FALSE
	EndGlobalSection
EndGlobal
