
Microsoft Visual Studio Solution File, Format Version 12.00
# Visual Studio 14
VisualStudioVersion = 14.0.25420.1
MinimumVisualStudioVersion = 10.0.40219.1
Project("{FAE04EC0-301F-11D3-BF4B-00C04F79EFBC}") = "XFApp1", "XFApp1\XFApp1\XFApp1.csproj", "{A1EBDF19-B059-418F-9E76-5FBC6D5A5C75}"
EndProject
Project("{FAE04EC0-301F-11D3-BF4B-00C04F79EFBC}") = "XFApp1.Droid", "XFApp1\XFApp1.Droid\XFApp1.Droid.csproj", "{E14063BD-CF93-4C11-A86A-AB10DF9F8CDB}"
EndProject
Project("{FAE04EC0-301F-11D3-BF4B-00C04F79EFBC}") = "XFApp1.iOS", "XFApp1\XFApp1.iOS\XFApp1.iOS.csproj", "{A60E5FEA-1215-4746-A343-0FD948AC7C12}"
EndProject
Project("{FAE04EC0-301F-11D3-BF4B-00C04F79EFBC}") = "XFApp1.UWP", "XFApp1\XFApp1.UWP\XFApp1.UWP.csproj", "{C427DCB2-5914-4298-939B-8C42FC33DEE3}"
EndProject
Global
	GlobalSection(SolutionConfigurationPlatforms) = preSolution
		Ad-Hoc|Any CPU = Ad-Hoc|Any CPU
		Ad-Hoc|ARM = Ad-Hoc|ARM
		Ad-Hoc|iPhone = Ad-Hoc|iPhone
		Ad-Hoc|iPhoneSimulator = Ad-Hoc|iPhoneSimulator
		Ad-Hoc|x64 = Ad-Hoc|x64
		Ad-Hoc|x86 = Ad-Hoc|x86
		AppStore|Any CPU = AppStore|Any CPU
		AppStore|ARM = AppStore|ARM
		AppStore|iPhone = AppStore|iPhone
		AppStore|iPhoneSimulator = AppStore|iPhoneSimulator
		AppStore|x64 = AppStore|x64
		AppStore|x86 = AppStore|x86
		Debug|Any CPU = Debug|Any CPU
		Debug|ARM = Debug|ARM
		Debug|iPhone = Debug|iPhone
		Debug|iPhoneSimulator = Debug|iPhoneSimulator
		Debug|x64 = Debug|x64
		Debug|x86 = Debug|x86
		Release|Any CPU = Release|Any CPU
		Release|ARM = Release|ARM
		Release|iPhone = Release|iPhone
		Release|iPhoneSimulator = Release|iPhoneSimulator
		Release|x64 = Release|x64
		Release|x86 = Release|x86
	EndGlobalSection
	GlobalSection(ProjectConfigurationPlatforms) = postSolution
		{A1EBDF19-B059-418F-9E76-5FBC6D5A5C75}.Ad-Hoc|Any CPU.ActiveCfg = Release|Any CPU
		{A1EBDF19-B059-418F-9E76-5FBC6D5A5C75}.Ad-Hoc|Any CPU.Build.0 = Release|Any CPU
		{A1EBDF19-B059-418F-9E76-5FBC6D5A5C75}.Ad-Hoc|ARM.ActiveCfg = Release|Any CPU
		{A1EBDF19-B059-418F-9E76-5FBC6D5A5C75}.Ad-Hoc|ARM.Build.0 = Release|Any CPU
		{A1EBDF19-B059-418F-9E76-5FBC6D5A5C75}.Ad-Hoc|iPhone.ActiveCfg = Release|Any CPU
		{A1EBDF19-B059-418F-9E76-5FBC6D5A5C75}.Ad-Hoc|iPhone.Build.0 = Release|Any CPU
		{A1EBDF19-B059-418F-9E76-5FBC6D5A5C75}.Ad-Hoc|iPhoneSimulator.ActiveCfg = Release|Any CPU
		{A1EBDF19-B059-418F-9E76-5FBC6D5A5C75}.Ad-Hoc|iPhoneSimulator.Build.0 = Release|Any CPU
		{A1EBDF19-B059-418F-9E76-5FBC6D5A5C75}.Ad-Hoc|x64.ActiveCfg = Release|Any CPU
		{A1EBDF19-B059-418F-9E76-5FBC6D5A5C75}.Ad-Hoc|x64.Build.0 = Release|Any CPU
		{A1EBDF19-B059-418F-9E76-5FBC6D5A5C75}.Ad-Hoc|x86.ActiveCfg = Release|Any CPU
		{A1EBDF19-B059-418F-9E76-5FBC6D5A5C75}.Ad-Hoc|x86.Build.0 = Release|Any CPU
		{A1EBDF19-B059-418F-9E76-5FBC6D5A5C75}.AppStore|Any CPU.ActiveCfg = Release|Any CPU
		{A1EBDF19-B059-418F-9E76-5FBC6D5A5C75}.AppStore|Any CPU.Build.0 = Release|Any CPU
		{A1EBDF19-B059-418F-9E76-5FBC6D5A5C75}.AppStore|ARM.ActiveCfg = Release|Any CPU
		{A1EBDF19-B059-418F-9E76-5FBC6D5A5C75}.AppStore|ARM.Build.0 = Release|Any CPU
		{A1EBDF19-B059-418F-9E76-5FBC6D5A5C75}.AppStore|iPhone.ActiveCfg = Release|Any CPU
		{A1EBDF19-B059-418F-9E76-5FBC6D5A5C75}.AppStore|iPhone.Build.0 = Release|Any CPU
		{A1EBDF19-B059-418F-9E76-5FBC6D5A5C75}.AppStore|iPhoneSimulator.ActiveCfg = Release|Any CPU
		{A1EBDF19-B059-418F-9E76-5FBC6D5A5C75}.AppStore|iPhoneSimulator.Build.0 = Release|Any CPU
		{A1EBDF19-B059-418F-9E76-5FBC6D5A5C75}.AppStore|x64.ActiveCfg = Release|Any CPU
		{A1EBDF19-B059-418F-9E76-5FBC6D5A5C75}.AppStore|x64.Build.0 = Release|Any CPU
		{A1EBDF19-B059-418F-9E76-5FBC6D5A5C75}.AppStore|x86.ActiveCfg = Release|Any CPU
		{A1EBDF19-B059-418F-9E76-5FBC6D5A5C75}.AppStore|x86.Build.0 = Release|Any CPU
		{A1EBDF19-B059-418F-9E76-5FBC6D5A5C75}.Debug|Any CPU.ActiveCfg = Debug|Any CPU
		{A1EBDF19-B059-418F-9E76-5FBC6D5A5C75}.Debug|Any CPU.Build.0 = Debug|Any CPU
		{A1EBDF19-B059-418F-9E76-5FBC6D5A5C75}.Debug|ARM.ActiveCfg = Debug|Any CPU
		{A1EBDF19-B059-418F-9E76-5FBC6D5A5C75}.Debug|ARM.Build.0 = Debug|Any CPU
		{A1EBDF19-B059-418F-9E76-5FBC6D5A5C75}.Debug|iPhone.ActiveCfg = Debug|Any CPU
		{A1EBDF19-B059-418F-9E76-5FBC6D5A5C75}.Debug|iPhone.Build.0 = Debug|Any CPU
		{A1EBDF19-B059-418F-9E76-5FBC6D5A5C75}.Debug|iPhoneSimulator.ActiveCfg = Debug|Any CPU
		{A1EBDF19-B059-418F-9E76-5FBC6D5A5C75}.Debug|iPhoneSimulator.Build.0 = Debug|Any CPU
		{A1EBDF19-B059-418F-9E76-5FBC6D5A5C75}.Debug|x64.ActiveCfg = Debug|Any CPU
		{A1EBDF19-B059-418F-9E76-5FBC6D5A5C75}.Debug|x64.Build.0 = Debug|Any CPU
		{A1EBDF19-B059-418F-9E76-5FBC6D5A5C75}.Debug|x86.ActiveCfg = Debug|Any CPU
		{A1EBDF19-B059-418F-9E76-5FBC6D5A5C75}.Debug|x86.Build.0 = Debug|Any CPU
		{A1EBDF19-B059-418F-9E76-5FBC6D5A5C75}.Release|Any CPU.ActiveCfg = Release|Any CPU
		{A1EBDF19-B059-418F-9E76-5FBC6D5A5C75}.Release|Any CPU.Build.0 = Release|Any CPU
		{A1EBDF19-B059-418F-9E76-5FBC6D5A5C75}.Release|ARM.ActiveCfg = Release|Any CPU
		{A1EBDF19-B059-418F-9E76-5FBC6D5A5C75}.Release|ARM.Build.0 = Release|Any CPU
		{A1EBDF19-B059-418F-9E76-5FBC6D5A5C75}.Release|iPhone.ActiveCfg = Release|Any CPU
		{A1EBDF19-B059-418F-9E76-5FBC6D5A5C75}.Release|iPhone.Build.0 = Release|Any CPU
		{A1EBDF19-B059-418F-9E76-5FBC6D5A5C75}.Release|iPhoneSimulator.ActiveCfg = Release|Any CPU
		{A1EBDF19-B059-418F-9E76-5FBC6D5A5C75}.Release|iPhoneSimulator.Build.0 = Release|Any CPU
		{A1EBDF19-B059-418F-9E76-5FBC6D5A5C75}.Release|x64.ActiveCfg = Release|Any CPU
		{A1EBDF19-B059-418F-9E76-5FBC6D5A5C75}.Release|x64.Build.0 = Release|Any CPU
		{A1EBDF19-B059-418F-9E76-5FBC6D5A5C75}.Release|x86.ActiveCfg = Release|Any CPU
		{A1EBDF19-B059-418F-9E76-5FBC6D5A5C75}.Release|x86.Build.0 = Release|Any CPU
		{E14063BD-CF93-4C11-A86A-AB10DF9F8CDB}.Ad-Hoc|Any CPU.ActiveCfg = Release|Any CPU
		{E14063BD-CF93-4C11-A86A-AB10DF9F8CDB}.Ad-Hoc|Any CPU.Build.0 = Release|Any CPU
		{E14063BD-CF93-4C11-A86A-AB10DF9F8CDB}.Ad-Hoc|Any CPU.Deploy.0 = Release|Any CPU
		{E14063BD-CF93-4C11-A86A-AB10DF9F8CDB}.Ad-Hoc|ARM.ActiveCfg = Release|Any CPU
		{E14063BD-CF93-4C11-A86A-AB10DF9F8CDB}.Ad-Hoc|ARM.Build.0 = Release|Any CPU
		{E14063BD-CF93-4C11-A86A-AB10DF9F8CDB}.Ad-Hoc|ARM.Deploy.0 = Release|Any CPU
		{E14063BD-CF93-4C11-A86A-AB10DF9F8CDB}.Ad-Hoc|iPhone.ActiveCfg = Release|Any CPU
		{E14063BD-CF93-4C11-A86A-AB10DF9F8CDB}.Ad-Hoc|iPhone.Build.0 = Release|Any CPU
		{E14063BD-CF93-4C11-A86A-AB10DF9F8CDB}.Ad-Hoc|iPhone.Deploy.0 = Release|Any CPU
		{E14063BD-CF93-4C11-A86A-AB10DF9F8CDB}.Ad-Hoc|iPhoneSimulator.ActiveCfg = Release|Any CPU
		{E14063BD-CF93-4C11-A86A-AB10DF9F8CDB}.Ad-Hoc|iPhoneSimulator.Build.0 = Release|Any CPU
		{E14063BD-CF93-4C11-A86A-AB10DF9F8CDB}.Ad-Hoc|iPhoneSimulator.Deploy.0 = Release|Any CPU
		{E14063BD-CF93-4C11-A86A-AB10DF9F8CDB}.Ad-Hoc|x64.ActiveCfg = Release|Any CPU
		{E14063BD-CF93-4C11-A86A-AB10DF9F8CDB}.Ad-Hoc|x64.Build.0 = Release|Any CPU
		{E14063BD-CF93-4C11-A86A-AB10DF9F8CDB}.Ad-Hoc|x64.Deploy.0 = Release|Any CPU
		{E14063BD-CF93-4C11-A86A-AB10DF9F8CDB}.Ad-Hoc|x86.ActiveCfg = Release|Any CPU
		{E14063BD-CF93-4C11-A86A-AB10DF9F8CDB}.Ad-Hoc|x86.Build.0 = Release|Any CPU
		{E14063BD-CF93-4C11-A86A-AB10DF9F8CDB}.Ad-Hoc|x86.Deploy.0 = Release|Any CPU
		{E14063BD-CF93-4C11-A86A-AB10DF9F8CDB}.AppStore|Any CPU.ActiveCfg = Release|Any CPU
		{E14063BD-CF93-4C11-A86A-AB10DF9F8CDB}.AppStore|Any CPU.Build.0 = Release|Any CPU
		{E14063BD-CF93-4C11-A86A-AB10DF9F8CDB}.AppStore|Any CPU.Deploy.0 = Release|Any CPU
		{E14063BD-CF93-4C11-A86A-AB10DF9F8CDB}.AppStore|ARM.ActiveCfg = Release|Any CPU
		{E14063BD-CF93-4C11-A86A-AB10DF9F8CDB}.AppStore|ARM.Build.0 = Release|Any CPU
		{E14063BD-CF93-4C11-A86A-AB10DF9F8CDB}.AppStore|ARM.Deploy.0 = Release|Any CPU
		{E14063BD-CF93-4C11-A86A-AB10DF9F8CDB}.AppStore|iPhone.ActiveCfg = Release|Any CPU
		{E14063BD-CF93-4C11-A86A-AB10DF9F8CDB}.AppStore|iPhone.Build.0 = Release|Any CPU
		{E14063BD-CF93-4C11-A86A-AB10DF9F8CDB}.AppStore|iPhone.Deploy.0 = Release|Any CPU
		{E14063BD-CF93-4C11-A86A-AB10DF9F8CDB}.AppStore|iPhoneSimulator.ActiveCfg = Release|Any CPU
		{E14063BD-CF93-4C11-A86A-AB10DF9F8CDB}.AppStore|iPhoneSimulator.Build.0 = Release|Any CPU
		{E14063BD-CF93-4C11-A86A-AB10DF9F8CDB}.AppStore|iPhoneSimulator.Deploy.0 = Release|Any CPU
		{E14063BD-CF93-4C11-A86A-AB10DF9F8CDB}.AppStore|x64.ActiveCfg = Release|Any CPU
		{E14063BD-CF93-4C11-A86A-AB10DF9F8CDB}.AppStore|x64.Build.0 = Release|Any CPU
		{E14063BD-CF93-4C11-A86A-AB10DF9F8CDB}.AppStore|x64.Deploy.0 = Release|Any CPU
		{E14063BD-CF93-4C11-A86A-AB10DF9F8CDB}.AppStore|x86.ActiveCfg = Release|Any CPU
		{E14063BD-CF93-4C11-A86A-AB10DF9F8CDB}.AppStore|x86.Build.0 = Release|Any CPU
		{E14063BD-CF93-4C11-A86A-AB10DF9F8CDB}.AppStore|x86.Deploy.0 = Release|Any CPU
		{E14063BD-CF93-4C11-A86A-AB10DF9F8CDB}.Debug|Any CPU.ActiveCfg = Debug|Any CPU
		{E14063BD-CF93-4C11-A86A-AB10DF9F8CDB}.Debug|Any CPU.Build.0 = Debug|Any CPU
		{E14063BD-CF93-4C11-A86A-AB10DF9F8CDB}.Debug|Any CPU.Deploy.0 = Debug|Any CPU
		{E14063BD-CF93-4C11-A86A-AB10DF9F8CDB}.Debug|ARM.ActiveCfg = Debug|Any CPU
		{E14063BD-CF93-4C11-A86A-AB10DF9F8CDB}.Debug|ARM.Build.0 = Debug|Any CPU
		{E14063BD-CF93-4C11-A86A-AB10DF9F8CDB}.Debug|ARM.Deploy.0 = Debug|Any CPU
		{E14063BD-CF93-4C11-A86A-AB10DF9F8CDB}.Debug|iPhone.ActiveCfg = Debug|Any CPU
		{E14063BD-CF93-4C11-A86A-AB10DF9F8CDB}.Debug|iPhone.Build.0 = Debug|Any CPU
		{E14063BD-CF93-4C11-A86A-AB10DF9F8CDB}.Debug|iPhone.Deploy.0 = Debug|Any CPU
		{E14063BD-CF93-4C11-A86A-AB10DF9F8CDB}.Debug|iPhoneSimulator.ActiveCfg = Debug|Any CPU
		{E14063BD-CF93-4C11-A86A-AB10DF9F8CDB}.Debug|iPhoneSimulator.Build.0 = Debug|Any CPU
		{E14063BD-CF93-4C11-A86A-AB10DF9F8CDB}.Debug|iPhoneSimulator.Deploy.0 = Debug|Any CPU
		{E14063BD-CF93-4C11-A86A-AB10DF9F8CDB}.Debug|x64.ActiveCfg = Debug|Any CPU
		{E14063BD-CF93-4C11-A86A-AB10DF9F8CDB}.Debug|x64.Build.0 = Debug|Any CPU
		{E14063BD-CF93-4C11-A86A-AB10DF9F8CDB}.Debug|x64.Deploy.0 = Debug|Any CPU
		{E14063BD-CF93-4C11-A86A-AB10DF9F8CDB}.Debug|x86.ActiveCfg = Debug|Any CPU
		{E14063BD-CF93-4C11-A86A-AB10DF9F8CDB}.Debug|x86.Build.0 = Debug|Any CPU
		{E14063BD-CF93-4C11-A86A-AB10DF9F8CDB}.Debug|x86.Deploy.0 = Debug|Any CPU
		{E14063BD-CF93-4C11-A86A-AB10DF9F8CDB}.Release|Any CPU.ActiveCfg = Release|Any CPU
		{E14063BD-CF93-4C11-A86A-AB10DF9F8CDB}.Release|Any CPU.Build.0 = Release|Any CPU
		{E14063BD-CF93-4C11-A86A-AB10DF9F8CDB}.Release|Any CPU.Deploy.0 = Release|Any CPU
		{E14063BD-CF93-4C11-A86A-AB10DF9F8CDB}.Release|ARM.ActiveCfg = Release|Any CPU
		{E14063BD-CF93-4C11-A86A-AB10DF9F8CDB}.Release|ARM.Build.0 = Release|Any CPU
		{E14063BD-CF93-4C11-A86A-AB10DF9F8CDB}.Release|ARM.Deploy.0 = Release|Any CPU
		{E14063BD-CF93-4C11-A86A-AB10DF9F8CDB}.Release|iPhone.ActiveCfg = Release|Any CPU
		{E14063BD-CF93-4C11-A86A-AB10DF9F8CDB}.Release|iPhone.Build.0 = Release|Any CPU
		{E14063BD-CF93-4C11-A86A-AB10DF9F8CDB}.Release|iPhone.Deploy.0 = Release|Any CPU
		{E14063BD-CF93-4C11-A86A-AB10DF9F8CDB}.Release|iPhoneSimulator.ActiveCfg = Release|Any CPU
		{E14063BD-CF93-4C11-A86A-AB10DF9F8CDB}.Release|iPhoneSimulator.Build.0 = Release|Any CPU
		{E14063BD-CF93-4C11-A86A-AB10DF9F8CDB}.Release|iPhoneSimulator.Deploy.0 = Release|Any CPU
		{E14063BD-CF93-4C11-A86A-AB10DF9F8CDB}.Release|x64.ActiveCfg = Release|Any CPU
		{E14063BD-CF93-4C11-A86A-AB10DF9F8CDB}.Release|x64.Build.0 = Release|Any CPU
		{E14063BD-CF93-4C11-A86A-AB10DF9F8CDB}.Release|x64.Deploy.0 = Release|Any CPU
		{E14063BD-CF93-4C11-A86A-AB10DF9F8CDB}.Release|x86.ActiveCfg = Release|Any CPU
		{E14063BD-CF93-4C11-A86A-AB10DF9F8CDB}.Release|x86.Build.0 = Release|Any CPU
		{E14063BD-CF93-4C11-A86A-AB10DF9F8CDB}.Release|x86.Deploy.0 = Release|Any CPU
		{A60E5FEA-1215-4746-A343-0FD948AC7C12}.Ad-Hoc|Any CPU.ActiveCfg = Ad-Hoc|iPhone
		{A60E5FEA-1215-4746-A343-0FD948AC7C12}.Ad-Hoc|ARM.ActiveCfg = Ad-Hoc|iPhone
		{A60E5FEA-1215-4746-A343-0FD948AC7C12}.Ad-Hoc|iPhone.ActiveCfg = Ad-Hoc|iPhone
		{A60E5FEA-1215-4746-A343-0FD948AC7C12}.Ad-Hoc|iPhone.Build.0 = Ad-Hoc|iPhone
		{A60E5FEA-1215-4746-A343-0FD948AC7C12}.Ad-Hoc|iPhoneSimulator.ActiveCfg = Ad-Hoc|iPhoneSimulator
		{A60E5FEA-1215-4746-A343-0FD948AC7C12}.Ad-Hoc|iPhoneSimulator.Build.0 = Ad-Hoc|iPhoneSimulator
		{A60E5FEA-1215-4746-A343-0FD948AC7C12}.Ad-Hoc|x64.ActiveCfg = Ad-Hoc|iPhone
		{A60E5FEA-1215-4746-A343-0FD948AC7C12}.Ad-Hoc|x86.ActiveCfg = Ad-Hoc|iPhone
		{A60E5FEA-1215-4746-A343-0FD948AC7C12}.AppStore|Any CPU.ActiveCfg = AppStore|iPhone
		{A60E5FEA-1215-4746-A343-0FD948AC7C12}.AppStore|ARM.ActiveCfg = AppStore|iPhone
		{A60E5FEA-1215-4746-A343-0FD948AC7C12}.AppStore|iPhone.ActiveCfg = AppStore|iPhone
		{A60E5FEA-1215-4746-A343-0FD948AC7C12}.AppStore|iPhone.Build.0 = AppStore|iPhone
		{A60E5FEA-1215-4746-A343-0FD948AC7C12}.AppStore|iPhoneSimulator.ActiveCfg = AppStore|iPhoneSimulator
		{A60E5FEA-1215-4746-A343-0FD948AC7C12}.AppStore|iPhoneSimulator.Build.0 = AppStore|iPhoneSimulator
		{A60E5FEA-1215-4746-A343-0FD948AC7C12}.AppStore|x64.ActiveCfg = AppStore|iPhone
		{A60E5FEA-1215-4746-A343-0FD948AC7C12}.AppStore|x86.ActiveCfg = AppStore|iPhone
		{A60E5FEA-1215-4746-A343-0FD948AC7C12}.Debug|Any CPU.ActiveCfg = Debug|iPhone
		{A60E5FEA-1215-4746-A343-0FD948AC7C12}.Debug|ARM.ActiveCfg = Debug|iPhone
		{A60E5FEA-1215-4746-A343-0FD948AC7C12}.Debug|iPhone.ActiveCfg = Debug|iPhone
		{A60E5FEA-1215-4746-A343-0FD948AC7C12}.Debug|iPhone.Build.0 = Debug|iPhone
		{A60E5FEA-1215-4746-A343-0FD948AC7C12}.Debug|iPhoneSimulator.ActiveCfg = Debug|iPhoneSimulator
		{A60E5FEA-1215-4746-A343-0FD948AC7C12}.Debug|iPhoneSimulator.Build.0 = Debug|iPhoneSimulator
		{A60E5FEA-1215-4746-A343-0FD948AC7C12}.Debug|x64.ActiveCfg = Debug|iPhone
		{A60E5FEA-1215-4746-A343-0FD948AC7C12}.Debug|x86.ActiveCfg = Debug|iPhone
		{A60E5FEA-1215-4746-A343-0FD948AC7C12}.Release|Any CPU.ActiveCfg = Release|iPhone
		{A60E5FEA-1215-4746-A343-0FD948AC7C12}.Release|ARM.ActiveCfg = Release|iPhone
		{A60E5FEA-1215-4746-A343-0FD948AC7C12}.Release|iPhone.ActiveCfg = Release|iPhone
		{A60E5FEA-1215-4746-A343-0FD948AC7C12}.Release|iPhone.Build.0 = Release|iPhone
		{A60E5FEA-1215-4746-A343-0FD948AC7C12}.Release|iPhoneSimulator.ActiveCfg = Release|iPhoneSimulator
		{A60E5FEA-1215-4746-A343-0FD948AC7C12}.Release|iPhoneSimulator.Build.0 = Release|iPhoneSimulator
		{A60E5FEA-1215-4746-A343-0FD948AC7C12}.Release|x64.ActiveCfg = Release|iPhone
		{A60E5FEA-1215-4746-A343-0FD948AC7C12}.Release|x86.ActiveCfg = Release|iPhone
		{C427DCB2-5914-4298-939B-8C42FC33DEE3}.Ad-Hoc|Any CPU.ActiveCfg = Release|x86
		{C427DCB2-5914-4298-939B-8C42FC33DEE3}.Ad-Hoc|Any CPU.Build.0 = Release|x86
		{C427DCB2-5914-4298-939B-8C42FC33DEE3}.Ad-Hoc|Any CPU.Deploy.0 = Release|x86
		{C427DCB2-5914-4298-939B-8C42FC33DEE3}.Ad-Hoc|ARM.ActiveCfg = Release|ARM
		{C427DCB2-5914-4298-939B-8C42FC33DEE3}.Ad-Hoc|ARM.Build.0 = Release|ARM
		{C427DCB2-5914-4298-939B-8C42FC33DEE3}.Ad-Hoc|ARM.Deploy.0 = Release|ARM
		{C427DCB2-5914-4298-939B-8C42FC33DEE3}.Ad-Hoc|iPhone.ActiveCfg = Release|x86
		{C427DCB2-5914-4298-939B-8C42FC33DEE3}.Ad-Hoc|iPhone.Build.0 = Release|x86
		{C427DCB2-5914-4298-939B-8C42FC33DEE3}.Ad-Hoc|iPhone.Deploy.0 = Release|x86
		{C427DCB2-5914-4298-939B-8C42FC33DEE3}.Ad-Hoc|iPhoneSimulator.ActiveCfg = Release|x86
		{C427DCB2-5914-4298-939B-8C42FC33DEE3}.Ad-Hoc|iPhoneSimulator.Build.0 = Release|x86
		{C427DCB2-5914-4298-939B-8C42FC33DEE3}.Ad-Hoc|iPhoneSimulator.Deploy.0 = Release|x86
		{C427DCB2-5914-4298-939B-8C42FC33DEE3}.Ad-Hoc|x64.ActiveCfg = Release|x64
		{C427DCB2-5914-4298-939B-8C42FC33DEE3}.Ad-Hoc|x64.Build.0 = Release|x64
		{C427DCB2-5914-4298-939B-8C42FC33DEE3}.Ad-Hoc|x64.Deploy.0 = Release|x64
		{C427DCB2-5914-4298-939B-8C42FC33DEE3}.Ad-Hoc|x86.ActiveCfg = Release|x86
		{C427DCB2-5914-4298-939B-8C42FC33DEE3}.Ad-Hoc|x86.Build.0 = Release|x86
		{C427DCB2-5914-4298-939B-8C42FC33DEE3}.Ad-Hoc|x86.Deploy.0 = Release|x86
		{C427DCB2-5914-4298-939B-8C42FC33DEE3}.AppStore|Any CPU.ActiveCfg = Release|x86
		{C427DCB2-5914-4298-939B-8C42FC33DEE3}.AppStore|Any CPU.Build.0 = Release|x86
		{C427DCB2-5914-4298-939B-8C42FC33DEE3}.AppStore|Any CPU.Deploy.0 = Release|x86
		{C427DCB2-5914-4298-939B-8C42FC33DEE3}.AppStore|ARM.ActiveCfg = Release|ARM
		{C427DCB2-5914-4298-939B-8C42FC33DEE3}.AppStore|ARM.Build.0 = Release|ARM
		{C427DCB2-5914-4298-939B-8C42FC33DEE3}.AppStore|ARM.Deploy.0 = Release|ARM
		{C427DCB2-5914-4298-939B-8C42FC33DEE3}.AppStore|iPhone.ActiveCfg = Release|x86
		{C427DCB2-5914-4298-939B-8C42FC33DEE3}.AppStore|iPhone.Build.0 = Release|x86
		{C427DCB2-5914-4298-939B-8C42FC33DEE3}.AppStore|iPhone.Deploy.0 = Release|x86
		{C427DCB2-5914-4298-939B-8C42FC33DEE3}.AppStore|iPhoneSimulator.ActiveCfg = Release|x86
		{C427DCB2-5914-4298-939B-8C42FC33DEE3}.AppStore|iPhoneSimulator.Build.0 = Release|x86
		{C427DCB2-5914-4298-939B-8C42FC33DEE3}.AppStore|iPhoneSimulator.Deploy.0 = Release|x86
		{C427DCB2-5914-4298-939B-8C42FC33DEE3}.AppStore|x64.ActiveCfg = Release|x64
		{C427DCB2-5914-4298-939B-8C42FC33DEE3}.AppStore|x64.Build.0 = Release|x64
		{C427DCB2-5914-4298-939B-8C42FC33DEE3}.AppStore|x64.Deploy.0 = Release|x64
		{C427DCB2-5914-4298-939B-8C42FC33DEE3}.AppStore|x86.ActiveCfg = Release|x86
		{C427DCB2-5914-4298-939B-8C42FC33DEE3}.AppStore|x86.Build.0 = Release|x86
		{C427DCB2-5914-4298-939B-8C42FC33DEE3}.AppStore|x86.Deploy.0 = Release|x86
		{C427DCB2-5914-4298-939B-8C42FC33DEE3}.Debug|Any CPU.ActiveCfg = Debug|x86
		{C427DCB2-5914-4298-939B-8C42FC33DEE3}.Debug|ARM.ActiveCfg = Debug|ARM
		{C427DCB2-5914-4298-939B-8C42FC33DEE3}.Debug|ARM.Build.0 = Debug|ARM
		{C427DCB2-5914-4298-939B-8C42FC33DEE3}.Debug|ARM.Deploy.0 = Debug|ARM
		{C427DCB2-5914-4298-939B-8C42FC33DEE3}.Debug|iPhone.ActiveCfg = Debug|x86
		{C427DCB2-5914-4298-939B-8C42FC33DEE3}.Debug|iPhoneSimulator.ActiveCfg = Debug|x86
		{C427DCB2-5914-4298-939B-8C42FC33DEE3}.Debug|x64.ActiveCfg = Debug|x64
		{C427DCB2-5914-4298-939B-8C42FC33DEE3}.Debug|x64.Build.0 = Debug|x64
		{C427DCB2-5914-4298-939B-8C42FC33DEE3}.Debug|x64.Deploy.0 = Debug|x64
		{C427DCB2-5914-4298-939B-8C42FC33DEE3}.Debug|x86.ActiveCfg = Debug|x86
		{C427DCB2-5914-4298-939B-8C42FC33DEE3}.Debug|x86.Build.0 = Debug|x86
		{C427DCB2-5914-4298-939B-8C42FC33DEE3}.Debug|x86.Deploy.0 = Debug|x86
		{C427DCB2-5914-4298-939B-8C42FC33DEE3}.Release|Any CPU.ActiveCfg = Release|x86
		{C427DCB2-5914-4298-939B-8C42FC33DEE3}.Release|ARM.ActiveCfg = Release|ARM
		{C427DCB2-5914-4298-939B-8C42FC33DEE3}.Release|ARM.Build.0 = Release|ARM
		{C427DCB2-5914-4298-939B-8C42FC33DEE3}.Release|ARM.Deploy.0 = Release|ARM
		{C427DCB2-5914-4298-939B-8C42FC33DEE3}.Release|iPhone.ActiveCfg = Release|x86
		{C427DCB2-5914-4298-939B-8C42FC33DEE3}.Release|iPhoneSimulator.ActiveCfg = Release|x86
		{C427DCB2-5914-4298-939B-8C42FC33DEE3}.Release|x64.ActiveCfg = Release|x64
		{C427DCB2-5914-4298-939B-8C42FC33DEE3}.Release|x64.Build.0 = Release|x64
		{C427DCB2-5914-4298-939B-8C42FC33DEE3}.Release|x64.Deploy.0 = Release|x64
		{C427DCB2-5914-4298-939B-8C42FC33DEE3}.Release|x86.ActiveCfg = Release|x86
		{C427DCB2-5914-4298-939B-8C42FC33DEE3}.Release|x86.Build.0 = Release|x86
		{C427DCB2-5914-4298-939B-8C42FC33DEE3}.Release|x86.Deploy.0 = Release|x86
	EndGlobalSection
	GlobalSection(SolutionProperties) = preSolution
		HideSolutionNode = FALSE
	EndGlobalSection
EndGlobal
